
Microsoft Visual Studio Solution File, Format Version 12.00
# Visual Studio Version 17
VisualStudioVersion = 17.8.34330.188
MinimumVisualStudioVersion = 10.0.40219.1
Project("{FAE04EC0-301F-11D3-BF4B-00C04F79EFBC}") = "HelloCoffee", "HelloCoffee.csproj", "{FDC8EEBB-6CF7-4934-9E3A-E6AD24086697}"
EndProject
Global
	GlobalSection(SolutionConfigurationPlatforms) = preSolution
		Debug|Any CPU = Debug|Any CPU
		Release|Any CPU = Release|Any CPU
	EndGlobalSection
	GlobalSection(ProjectConfigurationPlatforms) = postSolution
		{FDC8EEBB-6CF7-4934-9E3A-E6AD24086697}.Debug|Any CPU.ActiveCfg = Debug|Any CPU
		{FDC8EEBB-6CF7-4934-9E3A-E6AD24086697}.Debug|Any CPU.Build.0 = Debug|Any CPU
		{FDC8EEBB-6CF7-4934-9E3A-E6AD24086697}.Release|Any CPU.ActiveCfg = Release|Any CPU
		{FDC8EEBB-6CF7-4934-9E3A-E6AD24086697}.Release|Any CPU.Build.0 = Release|Any CPU
	EndGlobalSection
	GlobalSection(SolutionProperties) = preSolution
		HideSolutionNode = FALSE
	EndGlobalSection
	GlobalSection(ExtensibilityGlobals) = postSolution
		SolutionGuid = {4097AE96-A2E6-4AB6-BE8F-1A8BB394194A}
	EndGlobalSection
EndGlobal
